// !$*UTF8*$!
{
	archiveVersion = 1;
	classes = {
	};
	objectVersion = 50;
	objects = {

/* Begin PBXBuildFile section */
		907D3AD7264A7D9800CDDA78 /* AppDelegate.swift in Sources */ = {isa = PBXBuildFile; fileRef = 907D3AD6264A7D9800CDDA78 /* AppDelegate.swift */; };
		907D3AD9264A7D9800CDDA78 /* SceneDelegate.swift in Sources */ = {isa = PBXBuildFile; fileRef = 907D3AD8264A7D9800CDDA78 /* SceneDelegate.swift */; };
		907D3ADB264A7D9800CDDA78 /* ViewController.swift in Sources */ = {isa = PBXBuildFile; fileRef = 907D3ADA264A7D9800CDDA78 /* ViewController.swift */; };
		907D3ADE264A7D9800CDDA78 /* Main.storyboard in Resources */ = {isa = PBXBuildFile; fileRef = 907D3ADC264A7D9800CDDA78 /* Main.storyboard */; };
		907D3AE0264A7D9E00CDDA78 /* Assets.xcassets in Resources */ = {isa = PBXBuildFile; fileRef = 907D3ADF264A7D9E00CDDA78 /* Assets.xcassets */; };
		907D3AE3264A7D9E00CDDA78 /* LaunchScreen.storyboard in Resources */ = {isa = PBXBuildFile; fileRef = 907D3AE1264A7D9E00CDDA78 /* LaunchScreen.storyboard */; };
/* End PBXBuildFile section */

/* Begin PBXFileReference section */
		907D3AD3264A7D9800CDDA78 /* ColorPicker_Youtube.app */ = {isa = PBXFileReference; explicitFileType = wrapper.application; includeInIndex = 0; path = ColorPicker_Youtube.app; sourceTree = BUILT_PRODUCTS_DIR; };
		907D3AD6264A7D9800CDDA78 /* AppDelegate.swift */ = {isa = PBXFileReference; lastKnownFileType = sourcecode.swift; path = AppDelegate.swift; sourceTree = "<group>"; };
		907D3AD8264A7D9800CDDA78 /* SceneDelegate.swift */ = {isa = PBXFileReference; lastKnownFileType = sourcecode.swift; path = SceneDelegate.swift; sourceTree = "<group>"; };
		907D3ADA264A7D9800CDDA78 /* ViewController.swift */ = {isa = PBXFileReference; lastKnownFileType = sourcecode.swift; path = ViewController.swift; sourceTree = "<group>"; };
		907D3ADD264A7D9800CDDA78 /* Base */ = {isa = PBXFileReference; lastKnownFileType = file.storyboard; name = Base; path = Base.lproj/Main.storyboard; sourceTree = "<group>"; };
		907D3ADF264A7D9E00CDDA78 /* Assets.xcassets */ = {isa = PBXFileReference; lastKnownFileType = folder.assetcatalog; path = Assets.xcassets; sourceTree = "<group>"; };
		907D3AE2264A7D9E00CDDA78 /* Base */ = {isa = PBXFileReference; lastKnownFileType = file.storyboard; name = Base; path = Base.lproj/LaunchScreen.storyboard; sourceTree = "<group>"; };
		907D3AE4264A7D9E00CDDA78 /* Info.plist */ = {isa = PBXFileReference; lastKnownFileType = text.plist.xml; path = Info.plist; sourceTree = "<group>"; };
/* End PBXFileReference section */

/* Begin PBXFrameworksBuildPhase section */
		907D3AD0264A7D9700CDDA78 /* Frameworks */ = {
			isa = PBXFrameworksBuildPhase;
			buildActionMask = 2147483647;
			files = (
			);
			runOnlyForDeploymentPostprocessing = 0;
		};
/* End PBXFrameworksBuildPhase section */

/* Begin PBXGroup section */
		907D3ACA264A7D9700CDDA78 = {
			isa = PBXGroup;
			children = (
				907D3AD5264A7D9800CDDA78 /* ColorPicker_Youtube */,
				907D3AD4264A7D9800CDDA78 /* Products */,
			);
			sourceTree = "<group>";
		};
		907D3AD4264A7D9800CDDA78 /* Products */ = {
			isa = PBXGroup;
			children = (
				907D3AD3264A7D9800CDDA78 /* ColorPicker_Youtube.app */,
			);
			name = Products;
			sourceTree = "<group>";
		};
		907D3AD5264A7D9800CDDA78 /* ColorPicker_Youtube */ = {
			isa = PBXGroup;
			children = (
				907D3AD6264A7D9800CDDA78 /* AppDelegate.swift */,
				907D3AD8264A7D9800CDDA78 /* SceneDelegate.swift */,
				907D3ADA264A7D9800CDDA78 /* ViewController.swift */,
				907D3ADC264A7D9800CDDA78 /* Main.storyboard */,
				907D3ADF264A7D9E00CDDA78 /* Assets.xcassets */,
				907D3AE1264A7D9E00CDDA78 /* LaunchScreen.storyboard */,
				907D3AE4264A7D9E00CDDA78 /* Info.plist */,
			);
			path = ColorPicker_Youtube;
			sourceTree = "<group>";
		};
/* End PBXGroup section */

/* Begin PBXNativeTarget section */
		907D3AD2264A7D9700CDDA78 /* ColorPicker_Youtube */ = {
			isa = PBXNativeTarget;
			buildConfigurationList = 907D3AE7264A7D9E00CDDA78 /* Build configuration list for PBXNativeTarget "ColorPicker_Youtube" */;
			buildPhases = (
				907D3ACF264A7D9700CDDA78 /* Sources */,
				907D3AD0264A7D9700CDDA78 /* Frameworks */,
				907D3AD1264A7D9700CDDA78 /* Resources */,
			);
			buildRules = (
			);
			dependencies = (
			);
			name = ColorPicker_Youtube;
			productName = ColorPicker_Youtube;
			productReference = 907D3AD3264A7D9800CDDA78 /* ColorPicker_Youtube.app */;
			productType = "com.apple.product-type.application";
		};
/* End PBXNativeTarget section */

/* Begin PBXProject section */
		907D3ACB264A7D9700CDDA78 /* Project object */ = {
			isa = PBXProject;
			attributes = {
				LastSwiftUpdateCheck = 1240;
				LastUpgradeCheck = 1240;
				TargetAttributes = {
					907D3AD2264A7D9700CDDA78 = {
						CreatedOnToolsVersion = 12.4;
					};
				};
			};
			buildConfigurationList = 907D3ACE264A7D9700CDDA78 /* Build configuration list for PBXProject "ColorPicker_Youtube" */;
			compatibilityVersion = "Xcode 9.3";
			developmentRegion = en;
			hasScannedForEncodings = 0;
			knownRegions = (
				en,
				Base,
			);
			mainGroup = 907D3ACA264A7D9700CDDA78;
			productRefGroup = 907D3AD4264A7D9800CDDA78 /* Products */;
			projectDirPath = "";
			projectRoot = "";
			targets = (
				907D3AD2264A7D9700CDDA78 /* ColorPicker_Youtube */,
			);
		};
/* End PBXProject section */

/* Begin PBXResourcesBuildPhase section */
		907D3AD1264A7D9700CDDA78 /* Resources */ = {
			isa = PBXResourcesBuildPhase;
			buildActionMask = 2147483647;
			files = (
				907D3AE3264A7D9E00CDDA78 /* LaunchScreen.storyboard in Resources */,
				907D3AE0264A7D9E00CDDA78 /* Assets.xcassets in Resources */,
				907D3ADE264A7D9800CDDA78 /* Main.storyboard in Resources */,
			);
			runOnlyForDeploymentPostprocessing = 0;
		};
/* End PBXResourcesBuildPhase section */

/* Begin PBXSourcesBuildPhase section */
		907D3ACF264A7D9700CDDA78 /* Sources */ = {
			isa = PBXSourcesBuildPhase;
			buildActionMask = 2147483647;
			files = (
				907D3ADB264A7D9800CDDA78 /* ViewController.swift in Sources */,
				907D3AD7264A7D9800CDDA78 /* AppDelegate.swift in Sources */,
				907D3AD9264A7D9800CDDA78 /* SceneDelegate.swift in Sources */,
			);
			runOnlyForDeploymentPostprocessing = 0;
		};
/* End PBXSourcesBuildPhase section */

/* Begin PBXVariantGroup section */
		907D3ADC264A7D9800CDDA78 /* Main.storyboard */ = {
			isa = PBXVariantGroup;
			children = (
				907D3ADD264A7D9800CDDA78 /* Base */,
			);
			name = Main.storyboard;
			sourceTree = "<group>";
		};
		907D3AE1264A7D9E00CDDA78 /* LaunchScreen.storyboard */ = {
			isa = PBXVariantGroup;
			children = (
				907D3AE2264A7D9E00CDDA78 /* Base */,
			);
			name = LaunchScreen.storyboard;
			sourceTree = "<group>";
		};
/* End PBXVariantGroup section */

/* Begin XCBuildConfiguration section */
		907D3AE5264A7D9E00CDDA78 /* Debug */ = {
			isa = XCBuildConfiguration;
			buildSettings = {
				ALWAYS_SEARCH_USER_PATHS = NO;
				CLANG_ANALYZER_NONNULL = YES;
				CLANG_ANALYZER_NUMBER_OBJECT_CONVERSION = YES_AGGRESSIVE;
				CLANG_CXX_LANGUAGE_STANDARD = "gnu++14";
				CLANG_CXX_LIBRARY = "libc++";
				CLANG_ENABLE_MODULES = YES;
				CLANG_ENABLE_OBJC_ARC = YES;
				CLANG_ENABLE_OBJC_WEAK = YES;
				CLANG_WARN_BLOCK_CAPTURE_AUTORELEASING = YES;
				CLANG_WARN_BOOL_CONVERSION = YES;
				CLANG_WARN_COMMA = YES;
				CLANG_WARN_CONSTANT_CONVERSION = YES;
				CLANG_WARN_DEPRECATED_OBJC_IMPLEMENTATIONS = YES;
				CLANG_WARN_DIRECT_OBJC_ISA_USAGE = YES_ERROR;
				CLANG_WARN_DOCUMENTATION_COMMENTS = YES;
				CLANG_WARN_EMPTY_BODY = YES;
				CLANG_WARN_ENUM_CONVERSION = YES;
				CLANG_WARN_INFINITE_RECURSION = YES;
				CLANG_WARN_INT_CONVERSION = YES;
				CLANG_WARN_NON_LITERAL_NULL_CONVERSION = YES;
				CLANG_WARN_OBJC_IMPLICIT_RETAIN_SELF = YES;
				CLANG_WARN_OBJC_LITERAL_CONVERSION = YES;
				CLANG_WARN_OBJC_ROOT_CLASS = YES_ERROR;
				CLANG_WARN_QUOTED_INCLUDE_IN_FRAMEWORK_HEADER = YES;
				CLANG_WARN_RANGE_LOOP_ANALYSIS = YES;
				CLANG_WARN_STRICT_PROTOTYPES = YES;
				CLANG_WARN_SUSPICIOUS_MOVE = YES;
				CLANG_WARN_UNGUARDED_AVAILABILITY = YES_AGGRESSIVE;
				CLANG_WARN_UNREACHABLE_CODE = YES;
				CLANG_WARN__DUPLICATE_METHOD_MATCH = YES;
				COPY_PHASE_STRIP = NO;
				DEBUG_INFORMATION_FORMAT = dwarf;
				ENABLE_STRICT_OBJC_MSGSEND = YES;
				ENABLE_TESTABILITY = YES;
				GCC_C_LANGUAGE_STANDARD = gnu11;
				GCC_DYNAMIC_NO_PIC = NO;
				GCC_NO_COMMON_BLOCKS = YES;
				GCC_OPTIMIZATION_LEVEL = 0;
				GCC_PREPROCESSOR_DEFINITIONS = (
					"DEBUG=1",
					"$(inherited)",
				);
				GCC_WARN_64_TO_32_BIT_CONVERSION = YES;
				GCC_WARN_ABOUT_RETURN_TYPE = YES_ERROR;
				GCC_WARN_UNDECLARED_SELECTOR = YES;
				GCC_WARN_UNINITIALIZED_AUTOS = YES_AGGRESSIVE;
				GCC_WARN_UNUSED_FUNCTION = YES;
				GCC_WARN_UNUSED_VARIABLE = YES;
				IPHONEOS_DEPLOYMENT_TARGET = 14.4;
				MTL_ENABLE_DEBUG_INFO = INCLUDE_SOURCE;
				MTL_FAST_MATH = YES;
				ONLY_ACTIVE_ARCH = YES;
				SDKROOT = iphoneos;
				SWIFT_ACTIVE_COMPILATION_CONDITIONS = DEBUG;
				SWIFT_OPTIMIZATION_LEVEL = "-Onone";
			};
			name = Debug;
		};
		907D3AE6264A7D9E00CDDA78 /* Release */ = {
			isa = XCBuildConfiguration;
			buildSettings = {
				ALWAYS_SEARCH_USER_PATHS = NO;
				CLANG_ANALYZER_NONNULL = YES;
				CLANG_ANALYZER_NUMBER_OBJECT_CONVERSION = YES_AGGRESSIVE;
				CLANG_CXX_LANGUAGE_STANDARD = "gnu++14";
				CLANG_CXX_LIBRARY = "libc++";
				CLANG_ENABLE_MODULES = YES;
				CLANG_ENABLE_OBJC_ARC = YES;
				CLANG_ENABLE_OBJC_WEAK = YES;
				CLANG_WARN_BLOCK_CAPTURE_AUTORELEASING = YES;
				CLANG_WARN_BOOL_CONVERSION = YES;
				CLANG_WARN_COMMA = YES;
				CLANG_WARN_CONSTANT_CONVERSION = YES;
				CLANG_WARN_DEPRECATED_OBJC_IMPLEMENTATIONS = YES;
				CLANG_WARN_DIRECT_OBJC_ISA_USAGE = YES_ERROR;
				CLANG_WARN_DOCUMENTATION_COMMENTS = YES;
				CLANG_WARN_EMPTY_BODY = YES;
				CLANG_WARN_ENUM_CONVERSION = YES;
				CLANG_WARN_INFINITE_RECURSION = YES;
				CLANG_WARN_INT_CONVERSION = YES;
				CLANG_WARN_NON_LITERAL_NULL_CONVERSION = YES;
				CLANG_WARN_OBJC_IMPLICIT_RETAIN_SELF = YES;
				CLANG_WARN_OBJC_LITERAL_CONVERSION = YES;
				CLANG_WARN_OBJC_ROOT_CLASS = YES_ERROR;
				CLANG_WARN_QUOTED_INCLUDE_IN_FRAMEWORK_HEADER = YES;
				CLANG_WARN_RANGE_LOOP_ANALYSIS = YES;
				CLANG_WARN_STRICT_PROTOTYPES = YES;
				CLANG_WARN_SUSPICIOUS_MOVE = YES;
				CLANG_WARN_UNGUARDED_AVAILABILITY = YES_AGGRESSIVE;
				CLANG_WARN_UNREACHABLE_CODE = YES;
				CLANG_WARN__DUPLICATE_METHOD_MATCH = YES;
				COPY_PHASE_STRIP = NO;
				DEBUG_INFORMATION_FORMAT = "dwarf-with-dsym";
				ENABLE_NS_ASSERTIONS = NO;
				ENABLE_STRICT_OBJC_MSGSEND = YES;
				GCC_C_LANGUAGE_STANDARD = gnu11;
				GCC_NO_COMMON_BLOCKS = YES;
				GCC_WARN_64_TO_32_BIT_CONVERSION = YES;
				GCC_WARN_ABOUT_RETURN_TYPE = YES_ERROR;
				GCC_WARN_UNDECLARED_SELECTOR = YES;
				GCC_WARN_UNINITIALIZED_AUTOS = YES_AGGRESSIVE;
				GCC_WARN_UNUSED_FUNCTION = YES;
				GCC_WARN_UNUSED_VARIABLE = YES;
				IPHONEOS_DEPLOYMENT_TARGET = 14.4;
				MTL_ENABLE_DEBUG_INFO = NO;
				MTL_FAST_MATH = YES;
				SDKROOT = iphoneos;
				SWIFT_COMPILATION_MODE = wholemodule;
				SWIFT_OPTIMIZATION_LEVEL = "-O";
				VALIDATE_PRODUCT = YES;
			};
			name = Release;
		};
		907D3AE8264A7D9E00CDDA78 /* Debug */ = {
			isa = XCBuildConfiguration;
			buildSettings = {
				ASSETCATALOG_COMPILER_APPICON_NAME = AppIcon;
				ASSETCATALOG_COMPILER_GLOBAL_ACCENT_COLOR_NAME = AccentColor;
				CODE_SIGN_STYLE = Automatic;
				DEVELOPMENT_TEAM = CF4QM4CNHN;
				INFOPLIST_FILE = ColorPicker_Youtube/Info.plist;
				LD_RUNPATH_SEARCH_PATHS = (
					"$(inherited)",
					"@executable_path/Frameworks",
				);
				PRODUCT_BUNDLE_IDENTIFIER = "com.yogeshpatel.ColorPicker-Youtube";
				PRODUCT_NAME = "$(TARGET_NAME)";
				SWIFT_VERSION = 5.0;
				TARGETED_DEVICE_FAMILY = "1,2";
			};
			name = Debug;
		};
		907D3AE9264A7D9E00CDDA78 /* Release */ = {
			isa = XCBuildConfiguration;
			buildSettings = {
				ASSETCATALOG_COMPILER_APPICON_NAME = AppIcon;
				ASSETCATALOG_COMPILER_GLOBAL_ACCENT_COLOR_NAME = AccentColor;
				CODE_SIGN_STYLE = Automatic;
				DEVELOPMENT_TEAM = CF4QM4CNHN;
				INFOPLIST_FILE = ColorPicker_Youtube/Info.plist;
				LD_RUNPATH_SEARCH_PATHS = (
					"$(inherited)",
					"@executable_path/Frameworks",
				);
				PRODUCT_BUNDLE_IDENTIFIER = "com.yogeshpatel.ColorPicker-Youtube";
				PRODUCT_NAME = "$(TARGET_NAME)";
				SWIFT_VERSION = 5.0;
				TARGETED_DEVICE_FAMILY = "1,2";
			};
			name = Release;
		};
/* End XCBuildConfiguration section */

/* Begin XCConfigurationList section */
		907D3ACE264A7D9700CDDA78 /* Build configuration list for PBXProject "ColorPicker_Youtube" */ = {
			isa = XCConfigurationList;
			buildConfigurations = (
				907D3AE5264A7D9E00CDDA78 /* Debug */,
				907D3AE6264A7D9E00CDDA78 /* Release */,
			);
			defaultConfigurationIsVisible = 0;
			defaultConfigurationName = Release;
		};
		907D3AE7264A7D9E00CDDA78 /* Build configuration list for PBXNativeTarget "ColorPicker_Youtube" */ = {
			isa = XCConfigurationList;
			buildConfigurations = (
				907D3AE8264A7D9E00CDDA78 /* Debug */,
				907D3AE9264A7D9E00CDDA78 /* Release */,
			);
			defaultConfigurationIsVisible = 0;
			defaultConfigurationName = Release;
		};
/* End XCConfigurationList section */
	};
	rootObject = 907D3ACB264A7D9700CDDA78 /* Project object */;
}
